
Microsoft Visual Studio Solution File, Format Version 12.00
# Visual Studio Version 16
VisualStudioVersion = 16.0.31205.134
MinimumVisualStudioVersion = 10.0.40219.1
Project("{8BC9CEB8-8B4A-11D0-8D11-00A0C91BC942}") = "Char1-3", "Char01.배열\Char01.배열.vcxproj", "{FEC35A2D-7358-4607-9E0A-E4AD42524764}"
EndProject
Project("{8BC9CEB8-8B4A-11D0-8D11-00A0C91BC942}") = "Char1-4", "Char1-4\Char1-4.vcxproj", "{6256BE37-4073-47C7-9C61-2FBB9361729E}"
EndProject
Project("{8BC9CEB8-8B4A-11D0-8D11-00A0C91BC942}") = "Char1-5", "Char1-5\Char1-5.vcxproj", "{0C309D8F-0C1C-4E42-BB39-B4E944F90B95}"
EndProject
Project("{8BC9CEB8-8B4A-11D0-8D11-00A0C91BC942}") = "Char1-6", "Char1-6\Char1-6.vcxproj", "{45DA221C-8F54-4AFD-ADD4-D47003CEFFAA}"
EndProject
Project("{8BC9CEB8-8B4A-11D0-8D11-00A0C91BC942}") = "Char1-7", "Char2-6\Char2-6.vcxproj", "{074541FA-19C6-4BC7-B54D-2EA87EA53A25}"
EndProject
Project("{8BC9CEB8-8B4A-11D0-8D11-00A0C91BC942}") = "Char1-8", "Char1-8\Char1-8.vcxproj", "{1B1C4919-D1B4-49E4-81D8-0DB1C04030FC}"
EndProject
Project("{8BC9CEB8-8B4A-11D0-8D11-00A0C91BC942}") = "Char1-9", "Char1-9\Char1-9.vcxproj", "{00F28EF7-752D-4A2E-868F-7F9C106B9213}"
EndProject
Project("{8BC9CEB8-8B4A-11D0-8D11-00A0C91BC942}") = "Char1-10", "Char1-10\Char1-10.vcxproj", "{212399B1-81E9-4033-B184-896EA5B7B812}"
EndProject
Project("{8BC9CEB8-8B4A-11D0-8D11-00A0C91BC942}") = "Char1-11", "Char1-11\Char1-11.vcxproj", "{21686401-882A-4615-826E-AA904BD43A65}"
EndProject
Project("{8BC9CEB8-8B4A-11D0-8D11-00A0C91BC942}") = "Char1-12", "Char1-12\Char1-12.vcxproj", "{0E95E720-96EF-491B-ADF2-DE7292247944}"
EndProject
Global
	GlobalSection(SolutionConfigurationPlatforms) = preSolution
		Debug|x64 = Debug|x64
		Debug|x86 = Debug|x86
		Release|x64 = Release|x64
		Release|x86 = Release|x86
	EndGlobalSection
	GlobalSection(ProjectConfigurationPlatforms) = postSolution
		{FEC35A2D-7358-4607-9E0A-E4AD42524764}.Debug|x64.ActiveCfg = Debug|x64
		{FEC35A2D-7358-4607-9E0A-E4AD42524764}.Debug|x64.Build.0 = Debug|x64
		{FEC35A2D-7358-4607-9E0A-E4AD42524764}.Debug|x86.ActiveCfg = Debug|Win32
		{FEC35A2D-7358-4607-9E0A-E4AD42524764}.Debug|x86.Build.0 = Debug|Win32
		{FEC35A2D-7358-4607-9E0A-E4AD42524764}.Release|x64.ActiveCfg = Release|x64
		{FEC35A2D-7358-4607-9E0A-E4AD42524764}.Release|x64.Build.0 = Release|x64
		{FEC35A2D-7358-4607-9E0A-E4AD42524764}.Release|x86.ActiveCfg = Release|Win32
		{FEC35A2D-7358-4607-9E0A-E4AD42524764}.Release|x86.Build.0 = Release|Win32
		{6256BE37-4073-47C7-9C61-2FBB9361729E}.Debug|x64.ActiveCfg = Debug|x64
		{6256BE37-4073-47C7-9C61-2FBB9361729E}.Debug|x64.Build.0 = Debug|x64
		{6256BE37-4073-47C7-9C61-2FBB9361729E}.Debug|x86.ActiveCfg = Debug|Win32
		{6256BE37-4073-47C7-9C61-2FBB9361729E}.Debug|x86.Build.0 = Debug|Win32
		{6256BE37-4073-47C7-9C61-2FBB9361729E}.Release|x64.ActiveCfg = Release|x64
		{6256BE37-4073-47C7-9C61-2FBB9361729E}.Release|x64.Build.0 = Release|x64
		{6256BE37-4073-47C7-9C61-2FBB9361729E}.Release|x86.ActiveCfg = Release|Win32
		{6256BE37-4073-47C7-9C61-2FBB9361729E}.Release|x86.Build.0 = Release|Win32
		{0C309D8F-0C1C-4E42-BB39-B4E944F90B95}.Debug|x64.ActiveCfg = Debug|x64
		{0C309D8F-0C1C-4E42-BB39-B4E944F90B95}.Debug|x64.Build.0 = Debug|x64
		{0C309D8F-0C1C-4E42-BB39-B4E944F90B95}.Debug|x86.ActiveCfg = Debug|Win32
		{0C309D8F-0C1C-4E42-BB39-B4E944F90B95}.Debug|x86.Build.0 = Debug|Win32
		{0C309D8F-0C1C-4E42-BB39-B4E944F90B95}.Release|x64.ActiveCfg = Release|x64
		{0C309D8F-0C1C-4E42-BB39-B4E944F90B95}.Release|x64.Build.0 = Release|x64
		{0C309D8F-0C1C-4E42-BB39-B4E944F90B95}.Release|x86.ActiveCfg = Release|Win32
		{0C309D8F-0C1C-4E42-BB39-B4E944F90B95}.Release|x86.Build.0 = Release|Win32
		{45DA221C-8F54-4AFD-ADD4-D47003CEFFAA}.Debug|x64.ActiveCfg = Debug|x64
		{45DA221C-8F54-4AFD-ADD4-D47003CEFFAA}.Debug|x64.Build.0 = Debug|x64
		{45DA221C-8F54-4AFD-ADD4-D47003CEFFAA}.Debug|x86.ActiveCfg = Debug|Win32
		{45DA221C-8F54-4AFD-ADD4-D47003CEFFAA}.Debug|x86.Build.0 = Debug|Win32
		{45DA221C-8F54-4AFD-ADD4-D47003CEFFAA}.Release|x64.ActiveCfg = Release|x64
		{45DA221C-8F54-4AFD-ADD4-D47003CEFFAA}.Release|x64.Build.0 = Release|x64
		{45DA221C-8F54-4AFD-ADD4-D47003CEFFAA}.Release|x86.ActiveCfg = Release|Win32
		{45DA221C-8F54-4AFD-ADD4-D47003CEFFAA}.Release|x86.Build.0 = Release|Win32
		{074541FA-19C6-4BC7-B54D-2EA87EA53A25}.Debug|x64.ActiveCfg = Debug|x64
		{074541FA-19C6-4BC7-B54D-2EA87EA53A25}.Debug|x64.Build.0 = Debug|x64
		{074541FA-19C6-4BC7-B54D-2EA87EA53A25}.Debug|x86.ActiveCfg = Debug|Win32
		{074541FA-19C6-4BC7-B54D-2EA87EA53A25}.Debug|x86.Build.0 = Debug|Win32
		{074541FA-19C6-4BC7-B54D-2EA87EA53A25}.Release|x64.ActiveCfg = Release|x64
		{074541FA-19C6-4BC7-B54D-2EA87EA53A25}.Release|x64.Build.0 = Release|x64
		{074541FA-19C6-4BC7-B54D-2EA87EA53A25}.Release|x86.ActiveCfg = Release|Win32
		{074541FA-19C6-4BC7-B54D-2EA87EA53A25}.Release|x86.Build.0 = Release|Win32
		{1B1C4919-D1B4-49E4-81D8-0DB1C04030FC}.Debug|x64.ActiveCfg = Debug|x64
		{1B1C4919-D1B4-49E4-81D8-0DB1C04030FC}.Debug|x64.Build.0 = Debug|x64
		{1B1C4919-D1B4-49E4-81D8-0DB1C04030FC}.Debug|x86.ActiveCfg = Debug|Win32
		{1B1C4919-D1B4-49E4-81D8-0DB1C04030FC}.Debug|x86.Build.0 = Debug|Win32
		{1B1C4919-D1B4-49E4-81D8-0DB1C04030FC}.Release|x64.ActiveCfg = Release|x64
		{1B1C4919-D1B4-49E4-81D8-0DB1C04030FC}.Release|x64.Build.0 = Release|x64
		{1B1C4919-D1B4-49E4-81D8-0DB1C04030FC}.Release|x86.ActiveCfg = Release|Win32
		{1B1C4919-D1B4-49E4-81D8-0DB1C04030FC}.Release|x86.Build.0 = Release|Win32
		{00F28EF7-752D-4A2E-868F-7F9C106B9213}.Debug|x64.ActiveCfg = Debug|x64
		{00F28EF7-752D-4A2E-868F-7F9C106B9213}.Debug|x64.Build.0 = Debug|x64
		{00F28EF7-752D-4A2E-868F-7F9C106B9213}.Debug|x86.ActiveCfg = Debug|Win32
		{00F28EF7-752D-4A2E-868F-7F9C106B9213}.Debug|x86.Build.0 = Debug|Win32
		{00F28EF7-752D-4A2E-868F-7F9C106B9213}.Release|x64.ActiveCfg = Release|x64
		{00F28EF7-752D-4A2E-868F-7F9C106B9213}.Release|x64.Build.0 = Release|x64
		{00F28EF7-752D-4A2E-868F-7F9C106B9213}.Release|x86.ActiveCfg = Release|Win32
		{00F28EF7-752D-4A2E-868F-7F9C106B9213}.Release|x86.Build.0 = Release|Win32
		{212399B1-81E9-4033-B184-896EA5B7B812}.Debug|x64.ActiveCfg = Debug|x64
		{212399B1-81E9-4033-B184-896EA5B7B812}.Debug|x64.Build.0 = Debug|x64
		{212399B1-81E9-4033-B184-896EA5B7B812}.Debug|x86.ActiveCfg = Debug|Win32
		{212399B1-81E9-4033-B184-896EA5B7B812}.Debug|x86.Build.0 = Debug|Win32
		{212399B1-81E9-4033-B184-896EA5B7B812}.Release|x64.ActiveCfg = Release|x64
		{212399B1-81E9-4033-B184-896EA5B7B812}.Release|x64.Build.0 = Release|x64
		{212399B1-81E9-4033-B184-896EA5B7B812}.Release|x86.ActiveCfg = Release|Win32
		{212399B1-81E9-4033-B184-896EA5B7B812}.Release|x86.Build.0 = Release|Win32
		{21686401-882A-4615-826E-AA904BD43A65}.Debug|x64.ActiveCfg = Debug|x64
		{21686401-882A-4615-826E-AA904BD43A65}.Debug|x64.Build.0 = Debug|x64
		{21686401-882A-4615-826E-AA904BD43A65}.Debug|x86.ActiveCfg = Debug|Win32
		{21686401-882A-4615-826E-AA904BD43A65}.Debug|x86.Build.0 = Debug|Win32
		{21686401-882A-4615-826E-AA904BD43A65}.Release|x64.ActiveCfg = Release|x64
		{21686401-882A-4615-826E-AA904BD43A65}.Release|x64.Build.0 = Release|x64
		{21686401-882A-4615-826E-AA904BD43A65}.Release|x86.ActiveCfg = Release|Win32
		{21686401-882A-4615-826E-AA904BD43A65}.Release|x86.Build.0 = Release|Win32
		{0E95E720-96EF-491B-ADF2-DE7292247944}.Debug|x64.ActiveCfg = Debug|x64
		{0E95E720-96EF-491B-ADF2-DE7292247944}.Debug|x64.Build.0 = Debug|x64
		{0E95E720-96EF-491B-ADF2-DE7292247944}.Debug|x86.ActiveCfg = Debug|Win32
		{0E95E720-96EF-491B-ADF2-DE7292247944}.Debug|x86.Build.0 = Debug|Win32
		{0E95E720-96EF-491B-ADF2-DE7292247944}.Release|x64.ActiveCfg = Release|x64
		{0E95E720-96EF-491B-ADF2-DE7292247944}.Release|x64.Build.0 = Release|x64
		{0E95E720-96EF-491B-ADF2-DE7292247944}.Release|x86.ActiveCfg = Release|Win32
		{0E95E720-96EF-491B-ADF2-DE7292247944}.Release|x86.Build.0 = Release|Win32
	EndGlobalSection
	GlobalSection(SolutionProperties) = preSolution
		HideSolutionNode = FALSE
	EndGlobalSection
	GlobalSection(ExtensibilityGlobals) = postSolution
		SolutionGuid = {B9E6F47B-2A7A-446A-899E-EE4BB8E6C5CC}
	EndGlobalSection
EndGlobal
